version = 1
revision = 3
requires-python = ">=3.11"

[[package]]
name = "blessings"
version = "1.7"
source = { registry = "https://pypi.org/simple" }
dependencies = [
    { name = "six" },
]
sdist = { url = "https://files.pythonhosted.org/packages/5c/f8/9f5e69a63a9243448350b44c87fae74588aa634979e6c0c501f26a4f6df7/blessings-1.7.tar.gz", hash = "sha256:98e5854d805f50a5b58ac2333411b0482516a8210f23f43308baeb58d77c157d", size = 28194, upload-time = "2018-06-21T14:00:25.518Z" }
wheels = [
    { url = "https://files.pythonhosted.org/packages/03/74/489f85a78247609c6b4f13733cbf3ba0d864b11aa565617b645d6fdf2a4a/blessings-1.7-py3-none-any.whl", hash = "sha256:b1fdd7e7a675295630f9ae71527a8ebc10bfefa236b3d6aa4932ee4462c17ba3", size = 18460, upload-time = "2018-06-21T14:00:24.412Z" },
]

[[package]]
name = "crc8"
version = "0.2.1"
source = { registry = "https://pypi.org/simple" }
sdist = { url = "https://files.pythonhosted.org/packages/91/4a/aeba5e1ddd6f1035f634899a1fa133c9d57156d392386859e0cf84c1d62b/crc8-0.2.1.tar.gz", hash = "sha256:2ea9e0a04fbb9621daf278da7cba0c11e5fc2f7af74d44d35e08832d3a7a4d23", size = 5980, upload-time = "2024-08-07T20:46:49.448Z" }
wheels = [
    { url = "https://files.pythonhosted.org/packages/d8/f8/6d922e3fb4b175f105150992c62aac05bb0cfe41fb138f9afda5a27f838f/crc8-0.2.1-py3-none-any.whl", hash = "sha256:0c7cc1e442f4e5227a4f1b83a025454fd2d575177c7f78f35814580c7ffd073a", size = 5582, upload-time = "2024-08-07T20:46:42.587Z" },
]

[[package]]
name = "deprecated"
version = "1.3.1"
source = { registry = "https://pypi.org/simple" }
dependencies = [
    { name = "wrapt" },
]
sdist = { url = "https://files.pythonhosted.org/packages/49/85/12f0a49a7c4ffb70572b6c2ef13c90c88fd190debda93b23f026b25f9634/deprecated-1.3.1.tar.gz", hash = "sha256:b1b50e0ff0c1fddaa5708a2c6b0a6588bb09b892825ab2b214ac9ea9d92a5223", size = 2932523, upload-time = "2025-10-30T08:19:02.757Z" }
wheels = [
    { url = "https://files.pythonhosted.org/packages/84/d0/205d54408c08b13550c733c4b85429e7ead111c7f0014309637425520a9a/deprecated-1.3.1-py2.py3-none-any.whl", hash = "sha256:597bfef186b6f60181535a29fbe44865ce137a5079f295b479886c82729d5f3f", size = 11298, upload-time = "2025-10-30T08:19:00.758Z" },
]

[[package]]
name = "parsley"
version = "2026.4"
source = { editable = "." }
dependencies = [
    { name = "blessings" },
    { name = "crc8" },
    { name = "deprecated" },
    { name = "pyfiglet" },
]

[package.metadata]
requires-dist = [
    { name = "blessings", specifier = ">=1.7" },
    { name = "crc8", specifier = ">=0.2.1" },
    { name = "deprecated", specifier = ">=1.2.18" },
    { name = "pyfiglet", specifier = ">=1.0.4" },
]

[[package]]
name = "pyfiglet"
version = "1.0.4"
source = { registry = "https://pypi.org/simple" }
sdist = { url = "https://files.pythonhosted.org/packages/c8/e3/0a86276ad2c383ce08d76110a8eec2fe22e7051c4b8ba3fa163a0b08c428/pyfiglet-1.0.4.tar.gz", hash = "sha256:db9c9940ed1bf3048deff534ed52ff2dafbbc2cd7610b17bb5eca1df6d4278ef", size = 1560615, upload-time = "2025-08-15T18:32:47.302Z" }
wheels = [
    { url = "https://files.pythonhosted.org/packages/9f/5c/fe9f95abd5eaedfa69f31e450f7e2768bef121dbdf25bcddee2cd3087a16/pyfiglet-1.0.4-py3-none-any.whl", hash = "sha256:65b57b7a8e1dff8a67dc8e940a117238661d5e14c3e49121032bd404d9b2b39f", size = 1806118, upload-time = "2025-08-15T18:32:45.556Z" },
]

[[package]]
name = "six"
version = "1.17.0"
source = { registry = "https://pypi.org/simple" }
sdist = { url = "https://files.pythonhosted.org/packages/94/e7/b2c673351809dca68a0e064b6af791aa332cf192da575fd474ed7d6f16a2/six-1.17.0.tar.gz", hash = "sha256:ff70335d468e7eb6ec65b95b99d3a2836546063f63acc5171de367e834932a81", size = 34031, upload-time = "2024-12-04T17:35:28.174Z" }
wheels = [
    { url = "https://files.pythonhosted.org/packages/b7/ce/149a00dd41f10bc29e5921b496af8b574d8413afcd5e30dfa0ed46c2cc5e/six-1.17.0-py2.py3-none-any.whl", hash = "sha256:4721f391ed90541fddacab5acf947aa0d3dc7d27b2e1e8eda2be8970586c3274", size = 11050, upload-time = "2024-12-04T17:35:26.475Z" },
]

[[package]]
name = "wrapt"
version = "2.2.2"
source = { registry = "https://pypi.org/simple" }
sdist = { url = "https://files.pythonhosted.org/packages/fe/a4/282c8e64300a59fc834518a54bf0afabb4ff9218b5fa76958b450459a844/wrapt-2.2.2.tar.gz", hash = "sha256:0788e321027c999bf221b667bd4a54aaefd1a36283749a860ac3eb77daed0302", size = 129068, upload-time = "2026-06-20T23:49:44.49Z" }
wheels = [
    { url = "https://files.pythonhosted.org/packages/27/15/0c2d55168707465abfc41f33c0b23d792a5fa9b65c26983606940900a120/wrapt-2.2.2-cp311-cp311-macosx_10_9_x86_64.whl", hash = "sha256:f1a2ff355ece6a111ca7a20dc86df6659c9205d3fcee674ca34f2a2854fd4e73", size = 80782, upload-time = "2026-06-20T23:47:44.367Z" },
    { url = "https://files.pythonhosted.org/packages/7d/b5/5c0b093eb48f8a062ef6267d3cb36e9bb1b88440181f6545a383c60efdf8/wrapt-2.2.2-cp311-cp311-macosx_11_0_arm64.whl", hash = "sha256:55b9a899e6fff5444f229d30aa6e9ac92d2216d9d60f33c771b5d76a760d5f8e", size = 81678, upload-time = "2026-06-20T23:47:45.857Z" },
    { url = "https://files.pythonhosted.org/packages/34/f3/de70937472dd3e8a4e6811192f9c6075efdffd4a2cd9b4596bf160f89668/wrapt-2.2.2-cp311-cp311-manylinux1_x86_64.manylinux_2_28_x86_64.manylinux_2_5_x86_64.whl", hash = "sha256:a2d78c363f97d8bd718ee40432c66395685e9e98528ccaa423c3355d1715a26d", size = 159671, upload-time = "2026-06-20T23:47:47.345Z" },
    { url = "https://files.pythonhosted.org/packages/a5/ec/40aed2330e7f02ecf74386ffcfef9ccb7108c6a430f15b6a252b663b1bed/wrapt-2.2.2-cp311-cp311-manylinux2014_aarch64.manylinux_2_17_aarch64.manylinux_2_28_aarch64.whl", hash = "sha256:d619e1eed9bd4f6ed9f24cd61971aa086fa86505289628d464bcf8a2c2e3f328", size = 160785, upload-time = "2026-06-20T23:47:48.759Z" },
    { url = "https://files.pythonhosted.org/packages/45/04/aa5309beed5344b00220ae6b3b24055852192656194c27947bee1736306a/wrapt-2.2.2-cp311-cp311-manylinux_2_31_riscv64.manylinux_2_39_riscv64.whl", hash = "sha256:518b0c5e323511ec56a38894802ddd5e1222626484e68efe63f201854ad788e5", size = 153699, upload-time = "2026-06-20T23:47:50.177Z" },
    { url = "https://files.pythonhosted.org/packages/01/df/2def7e99d1fe87eea413f95f671924cdddcb08823b1ffd212748dfa6d062/wrapt-2.2.2-cp311-cp311-musllinux_1_2_aarch64.whl", hash = "sha256:4bccea5cdecffa9dd70e343741f0e41e0a16619313d04b72f78bb525162ebcd0", size = 159695, upload-time = "2026-06-20T23:47:51.602Z" },
    { url = "https://files.pythonhosted.org/packages/c7/f6/a906d01a2ce12157bad2404957b3e2140da354b8a70b2fa48bbf282871c0/wrapt-2.2.2-cp311-cp311-musllinux_1_2_riscv64.whl", hash = "sha256:209112cafd963710a05d199aae431d79a28bc76eb8e6d1bbbb8ad24340722cae", size = 152813, upload-time = "2026-06-20T23:47:53.03Z" },
    { url = "https://files.pythonhosted.org/packages/02/49/bc0086292d239575b4c08f4cf8a4079fa58abbad58ec23abf84833a283ed/wrapt-2.2.2-cp311-cp311-musllinux_1_2_x86_64.whl", hash = "sha256:e5a5290e4bf2f332fc29ce72ffb9a2fff678aaac047e2e9f5f7165cd7792e099", size = 158809, upload-time = "2026-06-20T23:47:54.391Z" },
    { url = "https://files.pythonhosted.org/packages/55/83/8fbd034de1f3e907edaa18786d5dd8f6932874edee0826c7cecb5cab03a1/wrapt-2.2.2-cp311-cp311-win32.whl", hash = "sha256:5499236ad1dc116012e2a5dd943f3f31af12fce452128e2bbcbd55a7d3d4d14c", size = 77414, upload-time = "2026-06-20T23:47:55.882Z" },
    { url = "https://files.pythonhosted.org/packages/7e/9c/23695baa331c6de4e874c3d78b8e0bed92e1d2a274e665b29858f6841672/wrapt-2.2.2-cp311-cp311-win_amd64.whl", hash = "sha256:8636809939152be6ae20a6cef0fed9fe60f411b47847d0426a826884b469e971", size = 80368, upload-time = "2026-06-20T23:47:57.237Z" },
    { url = "https://files.pythonhosted.org/packages/08/49/40cefc342bf89b234a4490d741290fce781774b831aefb39c25471da96c9/wrapt-2.2.2-cp311-cp311-win_arm64.whl", hash = "sha256:5d0a142f7af07caeb5e5da87493162a7b8efa19ba919e550a746f7446e13fb30", size = 79489, upload-time = "2026-06-20T23:47:58.56Z" },
    { url = "https://files.pythonhosted.org/packages/2a/85/180b40628b23772692a0c76e8030114e1c0ae068470ed531919f0a5f2a4a/wrapt-2.2.2-cp312-cp312-macosx_10_13_x86_64.whl", hash = "sha256:8417fd3c674d3c8023d080292d29301531a12daf8bd938dd419710dd2f464f2b", size = 81484, upload-time = "2026-06-20T23:47:59.924Z" },
    { url = "https://files.pythonhosted.org/packages/94/f2/21c90f2a16689702e2aaff45795b11018dff2c9b1242bac10d225483f676/wrapt-2.2.2-cp312-cp312-macosx_11_0_arm64.whl", hash = "sha256:0e7070c7472582e31af3dfc2622b2381a0df7435110a9388ed8db5ffbce67efb", size = 82151, upload-time = "2026-06-20T23:48:01.303Z" },
    { url = "https://files.pythonhosted.org/packages/5f/b3/7e6e9fcf4fe7e1b69a49fe6cc5a44e8224bab6283c5233c97e132f14908e/wrapt-2.2.2-cp312-cp312-manylinux1_x86_64.manylinux_2_28_x86_64.manylinux_2_5_x86_64.whl", hash = "sha256:2e096c9d39a59b35b63c9aacfbbbec2088ff51ff1fc31051acc60a07f42f273a", size = 169828, upload-time = "2026-06-20T23:48:02.719Z" },
    { url = "https://files.pythonhosted.org/packages/0b/43/894f132d857ed5a9904d937baf368badcbe5ea9e436e2f1930fe21c9f1f0/wrapt-2.2.2-cp312-cp312-manylinux2014_aarch64.manylinux_2_17_aarch64.manylinux_2_28_aarch64.whl", hash = "sha256:6d1a6050405bf334be33bf66296f113563622972a34900ae6fa60fd283a1a900", size = 171544, upload-time = "2026-06-20T23:48:04.266Z" },
    { url = "https://files.pythonhosted.org/packages/29/de/3c833e03725b477e9ea34028224dd21a48781830101e4e036f77e8b6b102/wrapt-2.2.2-cp312-cp312-manylinux_2_31_riscv64.manylinux_2_39_riscv64.whl", hash = "sha256:10adb01371408c6de504a6658b9886480f1a4919a83752748a387a504a21df79", size = 160663, upload-time = "2026-06-20T23:48:05.708Z" },
    { url = "https://files.pythonhosted.org/packages/33/be/27edce350b24e3054d9d047f65f16d4c4d4c1f3f31c4278a1f8a95c723c8/wrapt-2.2.2-cp312-cp312-musllinux_1_2_aarch64.whl", hash = "sha256:3442eee2a5798f9b451f1b2cd7518ce8b7e28a2a364696c414460a0e295c012a", size = 169387, upload-time = "2026-06-20T23:48:07.243Z" },
    { url = "https://files.pythonhosted.org/packages/e2/c4/9fd9679af8bf38e146652c7f47b6b352c3e5795b4ad1c0b7f94e15ac2aa7/wrapt-2.2.2-cp312-cp312-musllinux_1_2_riscv64.whl", hash = "sha256:6c99012a22f735a85eed7c4b86a3e99c30fdd57d9e115b2b45f796264b58d0bf", size = 158849, upload-time = "2026-06-20T23:48:08.91Z" },
    { url = "https://files.pythonhosted.org/packages/bc/c2/aa6c0c2206803068c6859dabe01f8c84c43744da93d4c67b8946d21655ee/wrapt-2.2.2-cp312-cp312-musllinux_1_2_x86_64.whl", hash = "sha256:3b686cfc008776a3952d6213cb296ed7f45d782a8453936406faa89eac0835ab", size = 168147, upload-time = "2026-06-20T23:48:10.374Z" },
    { url = "https://files.pythonhosted.org/packages/42/63/3eb25da41049d20ae18fcab2dd8b056e02387c4bfa626cbdfb7c3b872e4f/wrapt-2.2.2-cp312-cp312-win32.whl", hash = "sha256:ef2cce266b5b0b07e19fa82e59673b81142b7a3607c8ed1254113d048ed668da", size = 77734, upload-time = "2026-06-20T23:48:11.769Z" },
    { url = "https://files.pythonhosted.org/packages/da/09/0390e008a305360948fa9ce69507d041ac12cb2ee5d28e34467e2ee79391/wrapt-2.2.2-cp312-cp312-win_amd64.whl", hash = "sha256:abf8c20a2d72ee69e16328b3c91342c446e723bfe48bfcc4dded3b9722ac027f", size = 80585, upload-time = "2026-06-20T23:48:13.117Z" },
    { url = "https://files.pythonhosted.org/packages/d3/b3/84c445c66969f2d3457276b183a48c91097d59bbef9af6c075366b0f8c36/wrapt-2.2.2-cp312-cp312-win_arm64.whl", hash = "sha256:c6c64c5d02578bc4c4bca4f0aef1504de933c1d5b4ac2710b9131111459506c8", size = 79553, upload-time = "2026-06-20T23:48:14.5Z" },
    { url = "https://files.pythonhosted.org/packages/43/fc/f32f4b22c6511173c11d9e541ab4e7d8467a0f1b3455acaf784115d31ff8/wrapt-2.2.2-cp313-cp313-macosx_10_13_x86_64.whl", hash = "sha256:9e8b648270c613720a202d9a45ebabc33261b22c3a839b115ac5bce8c0bb0d69", size = 81296, upload-time = "2026-06-20T23:48:15.881Z" },
    { url = "https://files.pythonhosted.org/packages/72/06/4d117d5d77a9344776c0248b24dae3d3dd2f58e5f765fa08cf887072e719/wrapt-2.2.2-cp313-cp313-macosx_11_0_arm64.whl", hash = "sha256:e6fb7e94e8fe3e4c3067bb1653a91cce7c5e83acc119fdd41501b1bf74654617", size = 81841, upload-time = "2026-06-20T23:48:17.262Z" },
    { url = "https://files.pythonhosted.org/packages/15/ff/63ad96f98eb58a742b1a20d80f21da88924405910149950b912368150468/wrapt-2.2.2-cp313-cp313-manylinux1_x86_64.manylinux_2_28_x86_64.manylinux_2_5_x86_64.whl", hash = "sha256:fb18fc51e813df0d9c98049e3bf2298a5495a648602040e21fa3c7329371159e", size = 167882, upload-time = "2026-06-20T23:48:18.764Z" },
    { url = "https://files.pythonhosted.org/packages/20/1f/8bb62d8933df7acf3247194e6e9fc68edf9d2fa203252c89c94b319dd472/wrapt-2.2.2-cp313-cp313-manylinux2014_aarch64.manylinux_2_17_aarch64.manylinux_2_28_aarch64.whl", hash = "sha256:94b00b00f806eb3ef2abe9049ed45994a81ee9284884d96e6b8314927c6cea3d", size = 167411, upload-time = "2026-06-20T23:48:20.315Z" },
    { url = "https://files.pythonhosted.org/packages/17/09/8789dcb09ee1de715727db7521aabbb68ffa68dfade3a49468440cfced49/wrapt-2.2.2-cp313-cp313-manylinux_2_31_riscv64.manylinux_2_39_riscv64.whl", hash = "sha256:62415fd095bc590b842b6d092f2b5d9ccbaeb7e0b28535c03dcea2718b48636b", size = 158607, upload-time = "2026-06-20T23:48:21.728Z" },
    { url = "https://files.pythonhosted.org/packages/9c/20/66e02562d53ee67d841f175e38e3c993c2d78a3e104c576cad61c028b43c/wrapt-2.2.2-cp313-cp313-musllinux_1_2_aarch64.whl", hash = "sha256:a41e758d80dc0ab8c210f641ac892009d356cf1f955d97db544c8dd317b4d14c", size = 166367, upload-time = "2026-06-20T23:48:23.177Z" },
    { url = "https://files.pythonhosted.org/packages/bd/a3/832ac4e41222fb263b3042d42c2f08d305db7d0f0c9b1d3a271a9eede8f6/wrapt-2.2.2-cp313-cp313-musllinux_1_2_riscv64.whl", hash = "sha256:b84cd4058001c9727b0e9980b7a9e66325b5ca748b1b578e822cade1bc6b304f", size = 157176, upload-time = "2026-06-20T23:48:24.711Z" },
    { url = "https://files.pythonhosted.org/packages/b7/01/1bd5e4d2df9c0178989ac8da9186543465388588ee2ef153e2591accebef/wrapt-2.2.2-cp313-cp313-musllinux_1_2_x86_64.whl", hash = "sha256:26fc73a1b15e0946d2942b9a4426d162b51676338327dc067ccd8d2d76385f94", size = 167025, upload-time = "2026-06-20T23:48:26.118Z" },
    { url = "https://files.pythonhosted.org/packages/1c/69/583ed25291ab53e1ec117135fb1c33425e2f46d2bc8f29c17f7a94cf4274/wrapt-2.2.2-cp313-cp313-win32.whl", hash = "sha256:3c4095803491f6ef72128914c28ec05bbad9758433bb35f6715a3e9c8e46fb2d", size = 77605, upload-time = "2026-06-20T23:48:27.643Z" },
    { url = "https://files.pythonhosted.org/packages/29/68/e69fc6d06e1523c68e0d00f95c9aed1158ce9908ee41603f7f2eae3d5db6/wrapt-2.2.2-cp313-cp313-win_amd64.whl", hash = "sha256:2cb07f414fab25dbe6b5c7398e1491423a5c81a6209533639969a6c928d474a4", size = 80508, upload-time = "2026-06-20T23:48:29.013Z" },
    { url = "https://files.pythonhosted.org/packages/55/21/fe7a393d9e5dc0923bed8f5d857e9dcff210f1fa0888c02cc8f3ffaa55aa/wrapt-2.2.2-cp313-cp313-win_arm64.whl", hash = "sha256:1fc7691f070220215cccb2a20836b9adbaecb8ff22ad47abe63de5f110994fac", size = 79565, upload-time = "2026-06-20T23:48:30.429Z" },
    { url = "https://files.pythonhosted.org/packages/b6/e5/c120d13bf5091164f68c3c1657e84f16f57e71d978421b626393ac5bd7eb/wrapt-2.2.2-cp313-cp313t-macosx_10_13_x86_64.whl", hash = "sha256:ec8f83949028366531383603139403cac7a826e4011955813cdd640017845ce5", size = 83264, upload-time = "2026-06-20T23:48:31.807Z" },
    { url = "https://files.pythonhosted.org/packages/d3/b0/d4a1eb97e0e286625bdf21bc7f702637f9607787ffbbdb5ec14d50c79dbf/wrapt-2.2.2-cp313-cp313t-macosx_11_0_arm64.whl", hash = "sha256:4b481fb0c40d9fd90a5809911208da700987d373a20a4709dc9e3944af7a6bec", size = 83791, upload-time = "2026-06-20T23:48:33.482Z" },
    { url = "https://files.pythonhosted.org/packages/18/1e/f060df47755e87b57684cee7bfc1362b204df55fac96ffebc0631b697b79/wrapt-2.2.2-cp313-cp313t-manylinux1_x86_64.manylinux_2_28_x86_64.manylinux_2_5_x86_64.whl", hash = "sha256:0065a3b657cec06813b4241d2462ccec287f6863103d7445b725fb3a889736f9", size = 203399, upload-time = "2026-06-20T23:48:34.97Z" },
    { url = "https://files.pythonhosted.org/packages/c4/de/2316a757a1abb6453700b79d83e532146dcef2611348282d4d8889792161/wrapt-2.2.2-cp313-cp313t-manylinux2014_aarch64.manylinux_2_17_aarch64.manylinux_2_28_aarch64.whl", hash = "sha256:30f7424af5c5c345b7f26490e097f74a2ef45b3d08b664dc33571aee3bd3b56c", size = 210461, upload-time = "2026-06-20T23:48:36.569Z" },
    { url = "https://files.pythonhosted.org/packages/ed/29/d1160785ae18ca2495a6d82a21154103d74f656c9fd457fb35f6b11b965a/wrapt-2.2.2-cp313-cp313t-manylinux_2_31_riscv64.manylinux_2_39_riscv64.whl", hash = "sha256:07fdcb012821859168641acf68afad61ef9783cf37100af85f152550e9677194", size = 195313, upload-time = "2026-06-20T23:48:38.175Z" },
    { url = "https://files.pythonhosted.org/packages/f5/2d/7caa9598ae61a9cf0989cc501739cbeeb7d650ab3193cca1407b9af0c6ab/wrapt-2.2.2-cp313-cp313t-musllinux_1_2_aarch64.whl", hash = "sha256:f90038ab58fafb584801ca62d72384d7d5225d93c76f7b773c22fae545bd8066", size = 206116, upload-time = "2026-06-20T23:48:39.804Z" },
    { url = "https://files.pythonhosted.org/packages/ac/02/281ea1088b8650d865f311b35cf86fd21df89128e2909714f1161e01c9d0/wrapt-2.2.2-cp313-cp313t-musllinux_1_2_riscv64.whl", hash = "sha256:c5d7825491bfa2d08b97e9557768987952c7b9ae687d06c3320b40a37ccb7f20", size = 192668, upload-time = "2026-06-20T23:48:41.346Z" },
    { url = "https://files.pythonhosted.org/packages/be/7d/976e2d5b4b5c5babda40974edd54d0a5585cb60132ed86b46f4b80239b16/wrapt-2.2.2-cp313-cp313t-musllinux_1_2_x86_64.whl", hash = "sha256:0ad520e6daa9bbf136f14de735474dbec7dcc0891f718e1d274ce8dc92e645af", size = 198891, upload-time = "2026-06-20T23:48:43.056Z" },
    { url = "https://files.pythonhosted.org/packages/59/b7/e47651797c097f75a37e2ce86dcf04048ff576f3a674f7c558df7b5e9622/wrapt-2.2.2-cp313-cp313t-win32.whl", hash = "sha256:25904acb9475f46c24fe0423dbc8fda8cc5fbc282ab3dc6e72e919748c53f4e9", size = 78537, upload-time = "2026-06-20T23:48:44.509Z" },
    { url = "https://files.pythonhosted.org/packages/d1/6f/9fa5d59fb06d890defb5a8f727ce6a14d2932c8760153f96956628559fee/wrapt-2.2.2-cp313-cp313t-win_amd64.whl", hash = "sha256:305d4c247d61c4115794a169141823c62f719525ddb90b23aa332741c77d2c28", size = 82005, upload-time = "2026-06-20T23:48:46.391Z" },
    { url = "https://files.pythonhosted.org/packages/15/80/4c7bd9873d1f9f7d138d93556b500469dbe24f42710b877519c2b9eb380d/wrapt-2.2.2-cp313-cp313t-win_arm64.whl", hash = "sha256:c20279cd1a29800815d7b2d6338b60a6c6e78263f9d6e62e0eda251ba9cae2d0", size = 80762, upload-time = "2026-06-20T23:48:47.964Z" },
    { url = "https://files.pythonhosted.org/packages/24/05/7fd9c3f83b2c74cbfc572a0b88aa37431e04bd8aed70d2c0efd3464206de/wrapt-2.2.2-cp314-cp314-macosx_10_15_x86_64.whl", hash = "sha256:0e64826f920c42d9d9f87e8cc09ffae66c51ede12d59061a5a426deb9aa71745", size = 81341, upload-time = "2026-06-20T23:48:49.39Z" },
    { url = "https://files.pythonhosted.org/packages/4b/68/1bfa43100dd90d4ef74a05897b86275cf57e1313ca14aae2545bc9f872c9/wrapt-2.2.2-cp314-cp314-macosx_11_0_arm64.whl", hash = "sha256:dcaa5e1451bd8751d7bd1568dfa3321c78092a52a7ecb5d1a0f18a5791e1fd00", size = 81921, upload-time = "2026-06-20T23:48:50.986Z" },
    { url = "https://files.pythonhosted.org/packages/74/eb/df7b7f0b631dbbc750f39be27d8b55f65777d8ac86da80e12be41a644c4b/wrapt-2.2.2-cp314-cp314-manylinux1_x86_64.manylinux_2_28_x86_64.manylinux_2_5_x86_64.whl", hash = "sha256:0abfd648dac9ac9c5b3aa9b523d27f1789046640b58dcd5652a720ddb325e1fc", size = 167713, upload-time = "2026-06-20T23:48:52.598Z" },
    { url = "https://files.pythonhosted.org/packages/4d/9a/d1bd36f6d088c8e652a9383cabbd49af30b8c576302a7eccddbab6963e3f/wrapt-2.2.2-cp314-cp314-manylinux2014_aarch64.manylinux_2_17_aarch64.manylinux_2_28_aarch64.whl", hash = "sha256:f4bfd8d1eb438153eff8b8cfe87f032ba65731e1ce06138b5090f745a33f6f95", size = 166779, upload-time = "2026-06-20T23:48:54.33Z" },
    { url = "https://files.pythonhosted.org/packages/4c/ae/24ffacd4187fac2740a1972093929e836dea092d42c87d728cd98fee11a6/wrapt-2.2.2-cp314-cp314-manylinux_2_31_riscv64.manylinux_2_39_riscv64.whl", hash = "sha256:c427c9d06d859848a69f0d928fe28b5c33a941b2265d10a0e1f15cd244f1ee33", size = 158407, upload-time = "2026-06-20T23:48:55.944Z" },
    { url = "https://files.pythonhosted.org/packages/a3/ed/974427668249a356051e8d67d47fa54ef6c777f0fcf3bae9d292c047d4b6/wrapt-2.2.2-cp314-cp314-musllinux_1_2_aarch64.whl", hash = "sha256:4250b43d1a129d947e083c4dc6baf333c9bb34edd26f912d5b0457841fc858ab", size = 166594, upload-time = "2026-06-20T23:48:57.617Z" },
    { url = "https://files.pythonhosted.org/packages/fb/5f/e1d7c6e4523f78db2fbd7826babd0348da1d5e0834c4f918b9ab5757dfae/wrapt-2.2.2-cp314-cp314-musllinux_1_2_riscv64.whl", hash = "sha256:173e5bb5ca350a6e0abab60b7ec7cdd7992a814cb14b4de670a28f067f105663", size = 157068, upload-time = "2026-06-20T23:48:59.171Z" },
    { url = "https://files.pythonhosted.org/packages/1e/c1/7ebd1027f00700c0b0233b20aceef2b4784294ed64971424c4a78e069e34/wrapt-2.2.2-cp314-cp314-musllinux_1_2_x86_64.whl", hash = "sha256:aa14b01804bce36c6d63d7b6a4f55df390f29f8648cc13a1f40b166f4d54680d", size = 166470, upload-time = "2026-06-20T23:49:00.737Z" },
    { url = "https://files.pythonhosted.org/packages/99/eb/974e471a6a978b8180186b8a9dc5ae3361ce269a967190b709b8ce17abfb/wrapt-2.2.2-cp314-cp314-win32.whl", hash = "sha256:58f9f8d637c9a6e245c6ef5b109b67ec187d2faed23d1405656b51d96e0a5b56", size = 78062, upload-time = "2026-06-20T23:49:02.327Z" },
    { url = "https://files.pythonhosted.org/packages/49/ec/e1281156cdc7a66693838ad7a0865ad641c74abd337a957d668b575aaffb/wrapt-2.2.2-cp314-cp314-win_amd64.whl", hash = "sha256:385cb1866f20479e83299af585375bfa0a4b0c6c9907a981483ea782ea8ae406", size = 80832, upload-time = "2026-06-20T23:49:03.837Z" },
    { url = "https://files.pythonhosted.org/packages/45/7d/1b6b5ddd94005a2dac97a4490c9838f3154977850d633abcb65b30089437/wrapt-2.2.2-cp314-cp314-win_arm64.whl", hash = "sha256:8ffbeaea6771a6eba6e6eeb09767864995726bc8240bb54baf88a9bb1db34d5c", size = 80029, upload-time = "2026-06-20T23:49:05.237Z" },
    { url = "https://files.pythonhosted.org/packages/b0/33/9ebcf8aafe91c601127cbd93708c16aa8f688f34a10bf004046803ecdc4f/wrapt-2.2.2-cp314-cp314t-macosx_10_15_x86_64.whl", hash = "sha256:09f811d43f6f33ec7515f0be76b159569f4057ab54d3e079c3204dddb90afa2a", size = 83357, upload-time = "2026-06-20T23:49:06.632Z" },
    { url = "https://files.pythonhosted.org/packages/39/38/ec45b635153327b52e52732a0ea980e5f00b7efba65f9e018828f1e69daa/wrapt-2.2.2-cp314-cp314t-macosx_11_0_arm64.whl", hash = "sha256:a795d3c06e5fbf9ea2f13196180b77aeab1b4685917256ee0d014cc163d90063", size = 83794, upload-time = "2026-06-20T23:49:08.098Z" },
    { url = "https://files.pythonhosted.org/packages/4e/ea/1a89e6d3b7a83c3affe5c09cde77792c947e63e4bc85ad84cd5bb9abb0d8/wrapt-2.2.2-cp314-cp314t-manylinux1_x86_64.manylinux_2_28_x86_64.manylinux_2_5_x86_64.whl", hash = "sha256:45c2f2768e790c9f8db90f239ef23a2af8e7570f25a35619ef902df4a738447f", size = 203362, upload-time = "2026-06-20T23:49:09.811Z" },
    { url = "https://files.pythonhosted.org/packages/19/d8/3b58763d9863b5a73771c0d97110f9595d248db454009e07e1535ee905a4/wrapt-2.2.2-cp314-cp314t-manylinux2014_aarch64.manylinux_2_17_aarch64.manylinux_2_28_aarch64.whl", hash = "sha256:bbf00ee0cb55ec24e2b0995a71942b85b21a066db8f3f46e1dbfdb9433ffba81", size = 210449, upload-time = "2026-06-20T23:49:11.521Z" },
    { url = "https://files.pythonhosted.org/packages/2d/6f/17fd9e053103d8be148d20d5d7505facc72d5fe1f9127973904ceaed79cf/wrapt-2.2.2-cp314-cp314t-manylinux_2_31_riscv64.manylinux_2_39_riscv64.whl", hash = "sha256:2252f77663651b89255895f58cc6ac08fcb206d4371813e5af61bb62d4f7689c", size = 195349, upload-time = "2026-06-20T23:49:13.346Z" },
    { url = "https://files.pythonhosted.org/packages/ef/04/d0d1ccaaa12cb7dccf28a23f0279a608ba498f71e81d949d5ed54bcfd5c1/wrapt-2.2.2-cp314-cp314t-musllinux_1_2_aarch64.whl", hash = "sha256:2cd7181ab1c31192ff5219269830744b5a62020b3a6d433588c4f1c95b8f8bff", size = 206099, upload-time = "2026-06-20T23:49:15.051Z" },
    { url = "https://files.pythonhosted.org/packages/44/b3/e8aa07b619890a2aa6cde1931b1887abb08820721b564a5f80b7ca3f3aa0/wrapt-2.2.2-cp314-cp314t-musllinux_1_2_riscv64.whl", hash = "sha256:6fe35fd51b74867d8b80174c277bd6bbf6a73e443f908129dc531c4b688a20d5", size = 192728, upload-time = "2026-06-20T23:49:16.854Z" },
    { url = "https://files.pythonhosted.org/packages/b7/f0/1819fb50f0d3c9bd758d8a83b56f1b470dee8b5b8eac8702b7c137cea9d4/wrapt-2.2.2-cp314-cp314t-musllinux_1_2_x86_64.whl", hash = "sha256:11d95fc2fbad3163596c39d440e6f21ca9fccece74b56e30a37ac2fca786a07c", size = 198842, upload-time = "2026-06-20T23:49:18.504Z" },
    { url = "https://files.pythonhosted.org/packages/67/7c/e88313f16a99930b899ef970d91c281544a470749a359decad994483bbda/wrapt-2.2.2-cp314-cp314t-win32.whl", hash = "sha256:d8a15813215f33fa83667bfc978b300e35669ea8bb424e970a1426bcb7bc6cca", size = 79059, upload-time = "2026-06-20T23:49:20.107Z" },
    { url = "https://files.pythonhosted.org/packages/a0/4f/ac12fda57a55068a094ec42851fb0a40e8489d8941863d517452de62e507/wrapt-2.2.2-cp314-cp314t-win_amd64.whl", hash = "sha256:d09db0f7e8357060d3c38fc22a018aba683a796bf184360fd1a58f6fc180dc77", size = 82462, upload-time = "2026-06-20T23:49:21.631Z" },
    { url = "https://files.pythonhosted.org/packages/48/a7/df732dac86d9b2027c56bd163dbc883e037b16c3469614752e148d219c61/wrapt-2.2.2-cp314-cp314t-win_arm64.whl", hash = "sha256:f32fe639c39561ccc187bcae17e9271be0eb45f1c2952510d2f29b33ab577347", size = 81182, upload-time = "2026-06-20T23:49:23.199Z" },
    { url = "https://files.pythonhosted.org/packages/6e/d2/6317eb6d4554855bbf12d61857774af34747bf88a42c19bf306de67e2fa3/wrapt-2.2.2-py3-none-any.whl", hash = "sha256:5bad217350f19ce99ca5b5e71d406765ea86fe541628426772b657375ee1c048", size = 61460, upload-time = "2026-06-20T23:49:42.966Z" },
]
